
Microsoft Visual Studio Solution File, Format Version 12.00
# Visual Studio Version 17
VisualStudioVersion = 17.0.31903.59
MinimumVisualStudioVersion = 10.0.40219.1
Project("{9A19103F-16F7-4668-BE54-9A1E7A4F7556}") = "DaLang.Lims.Web.Host", "hosts\DaLang.Lims.Web.Host\DaLang.Lims.Web.Host.csproj", "{6F47A41A-085E-4422-BB73-5A2CBAA07D9F}"
EndProject
Project("{9A19103F-16F7-4668-BE54-9A1E7A4F7556}") = "DaLang.Lims.Web.Framework", "framework\DaLang.Lims.Web.Framework\DaLang.Lims.Web.Framework.csproj", "{E725F0A1-0B03-406F-B84B-0F486C6137FC}"
EndProject
Project("{9A19103F-16F7-4668-BE54-9A1E7A4F7556}") = "DaLang.Lims.Web.Common", "framework\DaLang.Lims.Web.Common\DaLang.Lims.Web.Common.csproj", "{97D32A49-994C-44C5-A167-51E71D173B6F}"
EndProject
Project("{9A19103F-16F7-4668-BE54-9A1E7A4F7556}") = "DaLang.Lims.Web.DynamicApi", "framework\DaLang.Lims.Web.DynamicApi\DaLang.Lims.Web.DynamicApi.csproj", "{BDD8E9DB-896C-4340-A7E6-DFE341DE86C2}"
EndProject
Project("{2150E333-8FDC-42A3-9474-1A3956D46DE8}") = "03framework", "03framework", "{7D22DC19-78FC-4277-9768-06B5AF60FD14}"
EndProject
Project("{2150E333-8FDC-42A3-9474-1A3956D46DE8}") = "02hosts", "02hosts", "{0600A063-03CE-4BE1-AE77-FCB1B496A2A6}"
EndProject
Project("{9A19103F-16F7-4668-BE54-9A1E7A4F7556}") = "DaLang.Lims.Web.ApiUI", "framework\DaLang.Lims.Web.ApiUI\DaLang.Lims.Web.ApiUI.csproj", "{A6911102-A4F8-4000-A997-045F84F73060}"
EndProject
Project("{2150E333-8FDC-42A3-9474-1A3956D46DE8}") = "01modules", "01modules", "{A7D7F4FA-4286-4727-82D6-2C78E17D16E6}"
EndProject
Project("{9A19103F-16F7-4668-BE54-9A1E7A4F7556}") = "DaLang.Lims.Web.Dev", "framework\DaLang.Lims.Web.Module.Dev\DaLang.Lims.Web.Dev.csproj", "{D3A53813-D320-4EFC-B49C-1DFAB7F3F27C}"
EndProject
Project("{2150E333-8FDC-42A3-9474-1A3956D46DE8}") = "00Shared", "00Shared", "{983FACF7-BCF7-48C4-AB40-6BDEED10A868}"
EndProject
Project("{2150E333-8FDC-42A3-9474-1A3956D46DE8}") = "01BasicData", "01BasicData", "{722271EB-7870-48AA-8941-76212EEFA82A}"
EndProject
Project("{2150E333-8FDC-42A3-9474-1A3956D46DE8}") = "02Pretreatment", "02Pretreatment", "{B63A1F4D-4A4E-4362-82F3-4C08B4ABEF20}"
EndProject
Project("{2150E333-8FDC-42A3-9474-1A3956D46DE8}") = "03Exam", "03Exam", "{02EA681E-C7D8-13C7-8484-4AC65E1B71E8}"
EndProject
Project("{FAE04EC0-301F-11D3-BF4B-00C04F79EFBC}") = "DaLang.Lims.BaseData.Contracts", "modules\BasicData\DaLang.Lims.BaseData.Contracts\DaLang.Lims.BaseData.Contracts.csproj", "{C6BF6A84-7964-40E3-BCE3-6759051AC003}"
EndProject
Project("{FAE04EC0-301F-11D3-BF4B-00C04F79EFBC}") = "DaLang.Lims.BaseData.Domain", "modules\BasicData\DaLang.Lims.BaseData.Domain\DaLang.Lims.BaseData.Domain.csproj", "{1585648A-BC9C-4147-A9A6-79CCF5104EEA}"
EndProject
Project("{FAE04EC0-301F-11D3-BF4B-00C04F79EFBC}") = "DaLang.Lims.BaseData.Application", "modules\BasicData\DaLang.Lims.BaseData.Application\DaLang.Lims.BaseData.Application.csproj", "{C005D3C5-CC69-48AD-910D-40FD08C6DE2C}"
EndProject
Project("{FAE04EC0-301F-11D3-BF4B-00C04F79EFBC}") = "DaLang.Lims.BaseData.Sqlsugar.Mysql", "modules\BasicData\DaLang.Lims.BaseData.Sqlsugar.Mysql\DaLang.Lims.BaseData.Sqlsugar.Mysql.csproj", "{B807B187-F700-4417-8858-8CC16B90F739}"
EndProject
Project("{FAE04EC0-301F-11D3-BF4B-00C04F79EFBC}") = "DaLang.Lims.BaseData.Core", "modules\BasicData\DaLang.Lims.BaseData.Core\DaLang.Lims.BaseData.Core.csproj", "{CA87FFEB-07E6-4D3A-A8A5-A95364FE0E92}"
EndProject
Project("{FAE04EC0-301F-11D3-BF4B-00C04F79EFBC}") = "DaLang.Lims.Pretreatment.Application", "modules\Pretreatment\DaLang.Lims.Pretreatment.Application\DaLang.Lims.Pretreatment.Application.csproj", "{422AD44F-AEDB-4213-8223-29D6983C2CC5}"
EndProject
Project("{FAE04EC0-301F-11D3-BF4B-00C04F79EFBC}") = "DaLang.Lims.Pretreatment.Domain", "modules\Pretreatment\DaLang.Lims.Pretreatment.Domain\DaLang.Lims.Pretreatment.Domain.csproj", "{C6D78AF5-C259-4144-840A-8B50A0F092B2}"
EndProject
Project("{FAE04EC0-301F-11D3-BF4B-00C04F79EFBC}") = "DaLang.Lims.Pretreatment.Core", "modules\Pretreatment\DaLang.Lims.Pretreatment.Core\DaLang.Lims.Pretreatment.Core.csproj", "{CEC404DB-4B32-40DB-B787-C65FFD04AA86}"
EndProject
Project("{FAE04EC0-301F-11D3-BF4B-00C04F79EFBC}") = "DaLang.Lims.Pretreatment.Contracts", "modules\Pretreatment\DaLang.Lims.Pretreatment.Contracts\DaLang.Lims.Pretreatment.Contracts.csproj", "{FF0D2DCB-11F8-4D0E-B802-70FB00216204}"
EndProject
Project("{FAE04EC0-301F-11D3-BF4B-00C04F79EFBC}") = "DaLang.Lims.Pretreatment.Sqlsugar.Mysql", "modules\Pretreatment\DaLang.Lims.Pretreatment.Sqlsugar.Mysql\DaLang.Lims.Pretreatment.Sqlsugar.Mysql.csproj", "{BA90FA1A-CB3B-45CA-B16C-84CDF5085514}"
EndProject
Project("{FAE04EC0-301F-11D3-BF4B-00C04F79EFBC}") = "DaLang.Lims.Shared.Contracts", "modules\Shared\DaLang.Lims.Shared.Contracts\DaLang.Lims.Shared.Contracts.csproj", "{3F1BEE5E-E586-41F7-B8F8-0A81BE1E3B61}"
EndProject
Project("{FAE04EC0-301F-11D3-BF4B-00C04F79EFBC}") = "DaLang.Lims.Shared.Domain", "modules\Shared\DaLang.Lims.Shared.Domain\DaLang.Lims.Shared.Domain.csproj", "{A74CF95D-9C60-47F1-A203-4F2CD5EA2709}"
EndProject
Project("{FAE04EC0-301F-11D3-BF4B-00C04F79EFBC}") = "DaLang.Lims.Exam.Core", "modules\Exam\DaLang.Lims.Exam.Core\DaLang.Lims.Exam.Core.csproj", "{8339B16C-4BB0-48BE-9430-7AFD20819529}"
EndProject
Project("{FAE04EC0-301F-11D3-BF4B-00C04F79EFBC}") = "DaLang.Lims.Exam.Application", "modules\Exam\DaLang.Lims.Exam.Application\DaLang.Lims.Exam.Application.csproj", "{FD9702A3-849E-4F46-AB5C-440EB0790D91}"
EndProject
Project("{FAE04EC0-301F-11D3-BF4B-00C04F79EFBC}") = "DaLang.Lims.Exam.Contracts", "modules\Exam\DaLang.Lims.Exam.Contracts\DaLang.Lims.Exam.Contracts.csproj", "{8CA2D329-2FD2-4CAD-A0E3-6FEEE3946848}"
EndProject
Project("{FAE04EC0-301F-11D3-BF4B-00C04F79EFBC}") = "DaLang.Lims.Exam.Domain", "modules\Exam\DaLang.Lims.Exam.Domain\DaLang.Lims.Exam.Domain.csproj", "{78305AD2-1AE6-4948-989F-9731404F019D}"
EndProject
Project("{FAE04EC0-301F-11D3-BF4B-00C04F79EFBC}") = "DaLang.Lims.Exam.Sqlsugar.Mysql", "modules\Exam\DaLang.Lims.Exam.Sqlsugar.Mysql\DaLang.Lims.Exam.Sqlsugar.Mysql.csproj", "{CA56C3B1-9E93-480D-8DDF-8C5B8E456B90}"
EndProject
Project("{2150E333-8FDC-42A3-9474-1A3956D46DE8}") = "05ReportTemplate", "05ReportTemplate", "{E3CCC9AB-AD4A-4059-BC4A-1CF0CDDA0DC2}"
EndProject
Project("{FAE04EC0-301F-11D3-BF4B-00C04F79EFBC}") = "DaLang.Lims.ReportTemplate.Core", "modules\ReportTemplate\DaLang.Lims.ReportTemplate.Core\DaLang.Lims.ReportTemplate.Core.csproj", "{1132F19F-1344-4517-A18E-81A2EAF82134}"
EndProject
Project("{FAE04EC0-301F-11D3-BF4B-00C04F79EFBC}") = "DaLang.Lims.ReportTemplate.Contracts", "modules\ReportTemplate\DaLang.Lims.ReportTemplate.Contracts\DaLang.Lims.ReportTemplate.Contracts.csproj", "{D29A1D75-6E09-4F17-A79A-F8F9FB94AC2E}"
EndProject
Project("{FAE04EC0-301F-11D3-BF4B-00C04F79EFBC}") = "DaLang.Lims.ReportTemplate.Domain", "modules\ReportTemplate\DaLang.Lims.ReportTemplate.Domain\DaLang.Lims.ReportTemplate.Domain.csproj", "{57B0C03D-E1D5-46BE-8507-D62264360629}"
EndProject
Project("{FAE04EC0-301F-11D3-BF4B-00C04F79EFBC}") = "DaLang.Lims.ReportTemplate.Sqlsugar.Mysql", "modules\ReportTemplate\DaLang.Lims.ReportTemplate.Sqlsugar.Mysql\DaLang.Lims.ReportTemplate.Sqlsugar.Mysql.csproj", "{F41CC281-2634-4253-8037-05F49A5216D0}"
EndProject
Project("{FAE04EC0-301F-11D3-BF4B-00C04F79EFBC}") = "DaLang.Lims.ReportTemplate.Application", "modules\ReportTemplate\DaLang.Lims.ReportTemplate.Application\DaLang.Lims.ReportTemplate.Application.csproj", "{807F38C8-EEA4-4844-986A-433F9D1A91F4}"
EndProject
Project("{2150E333-8FDC-42A3-9474-1A3956D46DE8}") = "06Statistics", "06Statistics", "{C78142CC-0E51-4BC2-9CAA-AB99CF31506A}"
EndProject
Project("{FAE04EC0-301F-11D3-BF4B-00C04F79EFBC}") = "DaLang.Lims.Statistics.Application", "modules\Statistics\DaLang.Lims.Statistics.Application\DaLang.Lims.Statistics.Application.csproj", "{910A2834-94BB-46B9-B644-6187603A93F3}"
EndProject
Project("{FAE04EC0-301F-11D3-BF4B-00C04F79EFBC}") = "DaLang.Lims.Statistics.Contracts", "modules\Statistics\DaLang.Lims.Statistics.Contracts\DaLang.Lims.Statistics.Contracts.csproj", "{447EF331-3C41-4475-BB69-29C3EBE3419E}"
EndProject
Project("{FAE04EC0-301F-11D3-BF4B-00C04F79EFBC}") = "DaLang.Lims.Statistics.Core", "modules\Statistics\DaLang.Lims.Statistics.Core\DaLang.Lims.Statistics.Core.csproj", "{61DF0979-D786-44F9-8FCD-65BE5FE27047}"
EndProject
Project("{FAE04EC0-301F-11D3-BF4B-00C04F79EFBC}") = "DaLang.Lims.Web.Api", "hosts\DaLang.Lims.Web.Api\DaLang.Lims.Web.Api.csproj", "{3094ACCC-E7C1-4959-BFEC-4BACFC54A0A6}"
EndProject
Project("{2150E333-8FDC-42A3-9474-1A3956D46DE8}") = "88Api", "88Api", "{012B708C-F5EA-49D6-AB7A-ECC2FD0442B5}"
EndProject
Project("{FAE04EC0-301F-11D3-BF4B-00C04F79EFBC}") = "DaLang.Lims.Api.Application", "modules\Api\DaLang.Lims.Api.Application\DaLang.Lims.Api.Application.csproj", "{DFBE3410-A10E-4C6C-83A5-D87BDB4CE135}"
EndProject
Project("{FAE04EC0-301F-11D3-BF4B-00C04F79EFBC}") = "DaLang.Lims.Api.Contracts", "modules\Api\DaLang.Lims.Api.Contracts\DaLang.Lims.Api.Contracts.csproj", "{293D4FE6-E7A7-4C33-8B80-1685BEE6F682}"
EndProject
Project("{FAE04EC0-301F-11D3-BF4B-00C04F79EFBC}") = "DaLang.Lims.Api.Core", "modules\Api\DaLang.Lims.Api.Core\DaLang.Lims.Api.Core.csproj", "{E8B719D3-17FA-4FD5-895F-63837637CB5C}"
EndProject
Project("{2150E333-8FDC-42A3-9474-1A3956D46DE8}") = "04Pathology", "04Pathology", "{FD491E00-F188-4FDF-BEA5-E67EC8B31B99}"
EndProject
Project("{FAE04EC0-301F-11D3-BF4B-00C04F79EFBC}") = "DaLang.Lims.Pathology.Application", "modules\Pathology\DaLang.Lims.Pathology.Application\DaLang.Lims.Pathology.Application.csproj", "{88A1C753-70E7-4B9A-9EDD-429B8FCA1B89}"
EndProject
Project("{FAE04EC0-301F-11D3-BF4B-00C04F79EFBC}") = "DaLang.Lims.Pathology.Contracts", "modules\Pathology\DaLang.Lims.Pathology.Contracts\DaLang.Lims.Pathology.Contracts.csproj", "{52DC37BE-E4B3-42E1-A0F2-946D41185354}"
EndProject
Project("{FAE04EC0-301F-11D3-BF4B-00C04F79EFBC}") = "DaLang.Lims.Pathology.Core", "modules\Pathology\DaLang.Lims.Pathology.Core\DaLang.Lims.Pathology.Core.csproj", "{34380964-9930-47C8-998D-A712DA9B51AB}"
EndProject
Project("{FAE04EC0-301F-11D3-BF4B-00C04F79EFBC}") = "DaLang.Lims.Pathology.Domain", "modules\Pathology\DaLang.Lims.Pathology.Domain\DaLang.Lims.Pathology.Domain.csproj", "{9B154FA2-357F-4434-99B3-01554573360A}"
EndProject
Project("{FAE04EC0-301F-11D3-BF4B-00C04F79EFBC}") = "DaLang.Lims.Pathology.Sqlsugar.Mysql", "modules\Pathology\DaLang.Lims.Pathology.Sqlsugar.Mysql\DaLang.Lims.Pathology.Sqlsugar.Mysql.csproj", "{F4A6906A-1FBF-4A05-879F-977FB0C361A5}"
EndProject
Project("{2150E333-8FDC-42A3-9474-1A3956D46DE8}") = "99Keygen", "99Keygen", "{AAC6F869-7330-4F84-A5A2-00F5CD9FA589}"
EndProject
Project("{FAE04EC0-301F-11D3-BF4B-00C04F79EFBC}") = "DaLang.Lims.Keygen", "keygen\DaLang.Lims.Keygen\DaLang.Lims.Keygen.csproj", "{AA6A63C7-CE34-437A-9191-69085FB5004C}"
EndProject
Project("{FAE04EC0-301F-11D3-BF4B-00C04F79EFBC}") = "DaLang.Lims.GetMachineCode", "keygen\DaLang.Lims.GetMachineCode\DaLang.Lims.GetMachineCode.csproj", "{0F748FC0-BFD6-4FD1-BD21-51C1457968A9}"
EndProject
Project("{2150E333-8FDC-42A3-9474-1A3956D46DE8}") = "04Infrastructure", "04Infrastructure", "{14CA63AC-0AD9-4852-AF2B-8394E26B5A92}"
EndProject
Project("{FAE04EC0-301F-11D3-BF4B-00C04F79EFBC}") = "DaLang.Lims.OpenSlide", "infrastructure\DaLang.Lims.OpenSlide\DaLang.Lims.OpenSlide.csproj", "{C2508FCB-BBF2-4297-A3F5-4FB388507031}"
EndProject
Project("{2150E333-8FDC-42A3-9474-1A3956D46DE8}") = "07OpenSlide", "07OpenSlide", "{8DDE41B7-BA1A-4840-8DA1-C44C02D340A4}"
EndProject
Project("{FAE04EC0-301F-11D3-BF4B-00C04F79EFBC}") = "DaLang.Lims.OpenSlide.Application", "modules\OpenSlide\DaLang.Lims.OpenSlide.Application\DaLang.Lims.OpenSlide.Application.csproj", "{0A311719-DB49-4D63-80E8-2F740FD4D8F8}"
EndProject
Project("{2150E333-8FDC-42A3-9474-1A3956D46DE8}") = "98LimsTools", "98LimsTools", "{9600B649-02AC-4204-9E1C-F8199442D6C7}"
EndProject
Project("{FAE04EC0-301F-11D3-BF4B-00C04F79EFBC}") = "DaLang.Lims.Tools", "limstools\DaLang.Lims.Tools\DaLang.Lims.Tools.csproj", "{A8DB5F00-3878-4E2E-8DB9-4D76B0C8796A}"
EndProject
Project("{2150E333-8FDC-42A3-9474-1A3956D46DE8}") = "97LimsClient", "97LimsClient", "{982FCFB9-C819-4018-BAE9-236DCE5A38FB}"
EndProject
Project("{FAE04EC0-301F-11D3-BF4B-00C04F79EFBC}") = "DaLang.Lims.Client", "limsclient\DaLang.Lims.Client\DaLang.Lims.Client.csproj", "{032D5DDC-0C34-4A74-A021-8A8EFBCD5381}"
EndProject
Project("{FAE04EC0-301F-11D3-BF4B-00C04F79EFBC}") = "DaLang.Lims.Client.Handler", "limsclient\DaLang.Lims.Client.Handler\DaLang.Lims.Client.Handler.csproj", "{FDD5C89A-F7EF-4D88-B711-9C9A80E0B83E}"
EndProject
Project("{2150E333-8FDC-42A3-9474-1A3956D46DE8}") = "09Agent", "09Agent", "{8C5F44F5-6810-4ACB-9C66-2A8A2D918DA0}"
EndProject
Project("{FAE04EC0-301F-11D3-BF4B-00C04F79EFBC}") = "DaLang.Lims.Agent", "infrastructure\DaLang.Lims.Agent\DaLang.Lims.Agent.csproj", "{C351692E-864D-4FC2-A1E1-3E0D41383A78}"
EndProject
Project("{FAE04EC0-301F-11D3-BF4B-00C04F79EFBC}") = "DaLang.Lims.Agent.Tools", "modules\Agent\DaLang.Lims.Agent.Tools\DaLang.Lims.Agent.Tools.csproj", "{95476E25-464D-4C84-867C-D542B6ECDF9C}"
EndProject
Project("{FAE04EC0-301F-11D3-BF4B-00C04F79EFBC}") = "DaLang.Lims.Agent.Application", "modules\Agent\DaLang.Lims.Agent.Application\DaLang.Lims.Agent.Application.csproj", "{9761567D-4CCD-4C7F-B096-E359634CC204}"
EndProject
Project("{FAE04EC0-301F-11D3-BF4B-00C04F79EFBC}") = "DaLang.Lims.Agent.Contracts", "modules\Agent\DaLang.Lims.Agent.Contracts\DaLang.Lims.Agent.Contracts.csproj", "{92439CBB-8AFA-4E25-9D7B-F2721E011E8D}"
EndProject
Project("{FAE04EC0-301F-11D3-BF4B-00C04F79EFBC}") = "DaLang.Lims.Agent.Domain", "modules\Agent\DaLang.Lims.Agent.Domain\DaLang.Lims.Agent.Domain.csproj", "{05306750-CAAB-4E80-BE66-AA6CFD8C6093}"
EndProject
Project("{FAE04EC0-301F-11D3-BF4B-00C04F79EFBC}") = "DaLang.Lims.Agent.Sqlsugar.Mysql", "modules\Agent\DaLang.Lims.Agent.Sqlsugar.Mysql\DaLang.Lims.Agent.Sqlsugar.Mysql.csproj", "{AF674B35-98F5-456A-9C72-D5EC23442C68}"
EndProject
Project("{FAE04EC0-301F-11D3-BF4B-00C04F79EFBC}") = "DaLang.Lims.Web.Generator", "framework\DaLang.Lims.Web.Generator\DaLang.Lims.Web.Generator.csproj", "{F462537F-E736-4B22-9263-307AAF4C0AA6}"
EndProject
Project("{FAE04EC0-301F-11D3-BF4B-00C04F79EFBC}") = "DaLang.Lims.Agent.Skills", "modules\Agent\DaLang.Lims.Agent.Skills\DaLang.Lims.Agent.Skills.csproj", "{7233955A-2D68-4BEB-BE80-3BA765DF6A35}"
EndProject
Global
	GlobalSection(SolutionConfigurationPlatforms) = preSolution
		Debug|Any CPU = Debug|Any CPU
		Release|Any CPU = Release|Any CPU
	EndGlobalSection
	GlobalSection(ProjectConfigurationPlatforms) = postSolution
		{6F47A41A-085E-4422-BB73-5A2CBAA07D9F}.Debug|Any CPU.ActiveCfg = Debug|Any CPU
		{6F47A41A-085E-4422-BB73-5A2CBAA07D9F}.Debug|Any CPU.Build.0 = Debug|Any CPU
		{6F47A41A-085E-4422-BB73-5A2CBAA07D9F}.Release|Any CPU.ActiveCfg = Release|Any CPU
		{6F47A41A-085E-4422-BB73-5A2CBAA07D9F}.Release|Any CPU.Build.0 = Release|Any CPU
		{E725F0A1-0B03-406F-B84B-0F486C6137FC}.Debug|Any CPU.ActiveCfg = Debug|Any CPU
		{E725F0A1-0B03-406F-B84B-0F486C6137FC}.Debug|Any CPU.Build.0 = Debug|Any CPU
		{E725F0A1-0B03-406F-B84B-0F486C6137FC}.Release|Any CPU.ActiveCfg = Release|Any CPU
		{E725F0A1-0B03-406F-B84B-0F486C6137FC}.Release|Any CPU.Build.0 = Release|Any CPU
		{97D32A49-994C-44C5-A167-51E71D173B6F}.Debug|Any CPU.ActiveCfg = Debug|Any CPU
		{97D32A49-994C-44C5-A167-51E71D173B6F}.Debug|Any CPU.Build.0 = Debug|Any CPU
		{97D32A49-994C-44C5-A167-51E71D173B6F}.Release|Any CPU.ActiveCfg = Release|Any CPU
		{97D32A49-994C-44C5-A167-51E71D173B6F}.Release|Any CPU.Build.0 = Release|Any CPU
		{BDD8E9DB-896C-4340-A7E6-DFE341DE86C2}.Debug|Any CPU.ActiveCfg = Debug|Any CPU
		{BDD8E9DB-896C-4340-A7E6-DFE341DE86C2}.Debug|Any CPU.Build.0 = Debug|Any CPU
		{BDD8E9DB-896C-4340-A7E6-DFE341DE86C2}.Release|Any CPU.ActiveCfg = Release|Any CPU
		{BDD8E9DB-896C-4340-A7E6-DFE341DE86C2}.Release|Any CPU.Build.0 = Release|Any CPU
		{A6911102-A4F8-4000-A997-045F84F73060}.Debug|Any CPU.ActiveCfg = Debug|Any CPU
		{A6911102-A4F8-4000-A997-045F84F73060}.Debug|Any CPU.Build.0 = Debug|Any CPU
		{A6911102-A4F8-4000-A997-045F84F73060}.Release|Any CPU.ActiveCfg = Release|Any CPU
		{A6911102-A4F8-4000-A997-045F84F73060}.Release|Any CPU.Build.0 = Release|Any CPU
		{D3A53813-D320-4EFC-B49C-1DFAB7F3F27C}.Debug|Any CPU.ActiveCfg = Debug|Any CPU
		{D3A53813-D320-4EFC-B49C-1DFAB7F3F27C}.Debug|Any CPU.Build.0 = Debug|Any CPU
		{D3A53813-D320-4EFC-B49C-1DFAB7F3F27C}.Release|Any CPU.ActiveCfg = Release|Any CPU
		{D3A53813-D320-4EFC-B49C-1DFAB7F3F27C}.Release|Any CPU.Build.0 = Release|Any CPU
		{C6BF6A84-7964-40E3-BCE3-6759051AC003}.Debug|Any CPU.ActiveCfg = Debug|Any CPU
		{C6BF6A84-7964-40E3-BCE3-6759051AC003}.Debug|Any CPU.Build.0 = Debug|Any CPU
		{C6BF6A84-7964-40E3-BCE3-6759051AC003}.Release|Any CPU.ActiveCfg = Release|Any CPU
		{C6BF6A84-7964-40E3-BCE3-6759051AC003}.Release|Any CPU.Build.0 = Release|Any CPU
		{1585648A-BC9C-4147-A9A6-79CCF5104EEA}.Debug|Any CPU.ActiveCfg = Debug|Any CPU
		{1585648A-BC9C-4147-A9A6-79CCF5104EEA}.Debug|Any CPU.Build.0 = Debug|Any CPU
		{1585648A-BC9C-4147-A9A6-79CCF5104EEA}.Release|Any CPU.ActiveCfg = Release|Any CPU
		{1585648A-BC9C-4147-A9A6-79CCF5104EEA}.Release|Any CPU.Build.0 = Release|Any CPU
		{C005D3C5-CC69-48AD-910D-40FD08C6DE2C}.Debug|Any CPU.ActiveCfg = Debug|Any CPU
		{C005D3C5-CC69-48AD-910D-40FD08C6DE2C}.Debug|Any CPU.Build.0 = Debug|Any CPU
		{C005D3C5-CC69-48AD-910D-40FD08C6DE2C}.Release|Any CPU.ActiveCfg = Release|Any CPU
		{C005D3C5-CC69-48AD-910D-40FD08C6DE2C}.Release|Any CPU.Build.0 = Release|Any CPU
		{B807B187-F700-4417-8858-8CC16B90F739}.Debug|Any CPU.ActiveCfg = Debug|Any CPU
		{B807B187-F700-4417-8858-8CC16B90F739}.Debug|Any CPU.Build.0 = Debug|Any CPU
		{B807B187-F700-4417-8858-8CC16B90F739}.Release|Any CPU.ActiveCfg = Release|Any CPU
		{B807B187-F700-4417-8858-8CC16B90F739}.Release|Any CPU.Build.0 = Release|Any CPU
		{CA87FFEB-07E6-4D3A-A8A5-A95364FE0E92}.Debug|Any CPU.ActiveCfg = Debug|Any CPU
		{CA87FFEB-07E6-4D3A-A8A5-A95364FE0E92}.Debug|Any CPU.Build.0 = Debug|Any CPU
		{CA87FFEB-07E6-4D3A-A8A5-A95364FE0E92}.Release|Any CPU.ActiveCfg = Release|Any CPU
		{CA87FFEB-07E6-4D3A-A8A5-A95364FE0E92}.Release|Any CPU.Build.0 = Release|Any CPU
		{422AD44F-AEDB-4213-8223-29D6983C2CC5}.Debug|Any CPU.ActiveCfg = Debug|Any CPU
		{422AD44F-AEDB-4213-8223-29D6983C2CC5}.Debug|Any CPU.Build.0 = Debug|Any CPU
		{422AD44F-AEDB-4213-8223-29D6983C2CC5}.Release|Any CPU.ActiveCfg = Release|Any CPU
		{422AD44F-AEDB-4213-8223-29D6983C2CC5}.Release|Any CPU.Build.0 = Release|Any CPU
		{C6D78AF5-C259-4144-840A-8B50A0F092B2}.Debug|Any CPU.ActiveCfg = Debug|Any CPU
		{C6D78AF5-C259-4144-840A-8B50A0F092B2}.Debug|Any CPU.Build.0 = Debug|Any CPU
		{C6D78AF5-C259-4144-840A-8B50A0F092B2}.Release|Any CPU.ActiveCfg = Release|Any CPU
		{C6D78AF5-C259-4144-840A-8B50A0F092B2}.Release|Any CPU.Build.0 = Release|Any CPU
		{CEC404DB-4B32-40DB-B787-C65FFD04AA86}.Debug|Any CPU.ActiveCfg = Debug|Any CPU
		{CEC404DB-4B32-40DB-B787-C65FFD04AA86}.Debug|Any CPU.Build.0 = Debug|Any CPU
		{CEC404DB-4B32-40DB-B787-C65FFD04AA86}.Release|Any CPU.ActiveCfg = Release|Any CPU
		{CEC404DB-4B32-40DB-B787-C65FFD04AA86}.Release|Any CPU.Build.0 = Release|Any CPU
		{FF0D2DCB-11F8-4D0E-B802-70FB00216204}.Debug|Any CPU.ActiveCfg = Debug|Any CPU
		{FF0D2DCB-11F8-4D0E-B802-70FB00216204}.Debug|Any CPU.Build.0 = Debug|Any CPU
		{FF0D2DCB-11F8-4D0E-B802-70FB00216204}.Release|Any CPU.ActiveCfg = Release|Any CPU
		{FF0D2DCB-11F8-4D0E-B802-70FB00216204}.Release|Any CPU.Build.0 = Release|Any CPU
		{BA90FA1A-CB3B-45CA-B16C-84CDF5085514}.Debug|Any CPU.ActiveCfg = Debug|Any CPU
		{BA90FA1A-CB3B-45CA-B16C-84CDF5085514}.Debug|Any CPU.Build.0 = Debug|Any CPU
		{BA90FA1A-CB3B-45CA-B16C-84CDF5085514}.Release|Any CPU.ActiveCfg = Release|Any CPU
		{BA90FA1A-CB3B-45CA-B16C-84CDF5085514}.Release|Any CPU.Build.0 = Release|Any CPU
		{3F1BEE5E-E586-41F7-B8F8-0A81BE1E3B61}.Debug|Any CPU.ActiveCfg = Debug|Any CPU
		{3F1BEE5E-E586-41F7-B8F8-0A81BE1E3B61}.Debug|Any CPU.Build.0 = Debug|Any CPU
		{3F1BEE5E-E586-41F7-B8F8-0A81BE1E3B61}.Release|Any CPU.ActiveCfg = Release|Any CPU
		{3F1BEE5E-E586-41F7-B8F8-0A81BE1E3B61}.Release|Any CPU.Build.0 = Release|Any CPU
		{A74CF95D-9C60-47F1-A203-4F2CD5EA2709}.Debug|Any CPU.ActiveCfg = Debug|Any CPU
		{A74CF95D-9C60-47F1-A203-4F2CD5EA2709}.Debug|Any CPU.Build.0 = Debug|Any CPU
		{A74CF95D-9C60-47F1-A203-4F2CD5EA2709}.Release|Any CPU.ActiveCfg = Release|Any CPU
		{A74CF95D-9C60-47F1-A203-4F2CD5EA2709}.Release|Any CPU.Build.0 = Release|Any CPU
		{8339B16C-4BB0-48BE-9430-7AFD20819529}.Debug|Any CPU.ActiveCfg = Debug|Any CPU
		{8339B16C-4BB0-48BE-9430-7AFD20819529}.Debug|Any CPU.Build.0 = Debug|Any CPU
		{8339B16C-4BB0-48BE-9430-7AFD20819529}.Release|Any CPU.ActiveCfg = Release|Any CPU
		{8339B16C-4BB0-48BE-9430-7AFD20819529}.Release|Any CPU.Build.0 = Release|Any CPU
		{FD9702A3-849E-4F46-AB5C-440EB0790D91}.Debug|Any CPU.ActiveCfg = Debug|Any CPU
		{FD9702A3-849E-4F46-AB5C-440EB0790D91}.Debug|Any CPU.Build.0 = Debug|Any CPU
		{FD9702A3-849E-4F46-AB5C-440EB0790D91}.Release|Any CPU.ActiveCfg = Release|Any CPU
		{FD9702A3-849E-4F46-AB5C-440EB0790D91}.Release|Any CPU.Build.0 = Release|Any CPU
		{8CA2D329-2FD2-4CAD-A0E3-6FEEE3946848}.Debug|Any CPU.ActiveCfg = Debug|Any CPU
		{8CA2D329-2FD2-4CAD-A0E3-6FEEE3946848}.Debug|Any CPU.Build.0 = Debug|Any CPU
		{8CA2D329-2FD2-4CAD-A0E3-6FEEE3946848}.Release|Any CPU.ActiveCfg = Release|Any CPU
		{8CA2D329-2FD2-4CAD-A0E3-6FEEE3946848}.Release|Any CPU.Build.0 = Release|Any CPU
		{78305AD2-1AE6-4948-989F-9731404F019D}.Debug|Any CPU.ActiveCfg = Debug|Any CPU
		{78305AD2-1AE6-4948-989F-9731404F019D}.Debug|Any CPU.Build.0 = Debug|Any CPU
		{78305AD2-1AE6-4948-989F-9731404F019D}.Release|Any CPU.ActiveCfg = Release|Any CPU
		{78305AD2-1AE6-4948-989F-9731404F019D}.Release|Any CPU.Build.0 = Release|Any CPU
		{CA56C3B1-9E93-480D-8DDF-8C5B8E456B90}.Debug|Any CPU.ActiveCfg = Debug|Any CPU
		{CA56C3B1-9E93-480D-8DDF-8C5B8E456B90}.Debug|Any CPU.Build.0 = Debug|Any CPU
		{CA56C3B1-9E93-480D-8DDF-8C5B8E456B90}.Release|Any CPU.ActiveCfg = Release|Any CPU
		{CA56C3B1-9E93-480D-8DDF-8C5B8E456B90}.Release|Any CPU.Build.0 = Release|Any CPU
		{1132F19F-1344-4517-A18E-81A2EAF82134}.Debug|Any CPU.ActiveCfg = Debug|Any CPU
		{1132F19F-1344-4517-A18E-81A2EAF82134}.Debug|Any CPU.Build.0 = Debug|Any CPU
		{1132F19F-1344-4517-A18E-81A2EAF82134}.Release|Any CPU.ActiveCfg = Release|Any CPU
		{1132F19F-1344-4517-A18E-81A2EAF82134}.Release|Any CPU.Build.0 = Release|Any CPU
		{D29A1D75-6E09-4F17-A79A-F8F9FB94AC2E}.Debug|Any CPU.ActiveCfg = Debug|Any CPU
		{D29A1D75-6E09-4F17-A79A-F8F9FB94AC2E}.Debug|Any CPU.Build.0 = Debug|Any CPU
		{D29A1D75-6E09-4F17-A79A-F8F9FB94AC2E}.Release|Any CPU.ActiveCfg = Release|Any CPU
		{D29A1D75-6E09-4F17-A79A-F8F9FB94AC2E}.Release|Any CPU.Build.0 = Release|Any CPU
		{57B0C03D-E1D5-46BE-8507-D62264360629}.Debug|Any CPU.ActiveCfg = Debug|Any CPU
		{57B0C03D-E1D5-46BE-8507-D62264360629}.Debug|Any CPU.Build.0 = Debug|Any CPU
		{57B0C03D-E1D5-46BE-8507-D62264360629}.Release|Any CPU.ActiveCfg = Release|Any CPU
		{57B0C03D-E1D5-46BE-8507-D62264360629}.Release|Any CPU.Build.0 = Release|Any CPU
		{F41CC281-2634-4253-8037-05F49A5216D0}.Debug|Any CPU.ActiveCfg = Debug|Any CPU
		{F41CC281-2634-4253-8037-05F49A5216D0}.Debug|Any CPU.Build.0 = Debug|Any CPU
		{F41CC281-2634-4253-8037-05F49A5216D0}.Release|Any CPU.ActiveCfg = Release|Any CPU
		{F41CC281-2634-4253-8037-05F49A5216D0}.Release|Any CPU.Build.0 = Release|Any CPU
		{807F38C8-EEA4-4844-986A-433F9D1A91F4}.Debug|Any CPU.ActiveCfg = Debug|Any CPU
		{807F38C8-EEA4-4844-986A-433F9D1A91F4}.Debug|Any CPU.Build.0 = Debug|Any CPU
		{807F38C8-EEA4-4844-986A-433F9D1A91F4}.Release|Any CPU.ActiveCfg = Release|Any CPU
		{807F38C8-EEA4-4844-986A-433F9D1A91F4}.Release|Any CPU.Build.0 = Release|Any CPU
		{910A2834-94BB-46B9-B644-6187603A93F3}.Debug|Any CPU.ActiveCfg = Debug|Any CPU
		{910A2834-94BB-46B9-B644-6187603A93F3}.Debug|Any CPU.Build.0 = Debug|Any CPU
		{910A2834-94BB-46B9-B644-6187603A93F3}.Release|Any CPU.ActiveCfg = Release|Any CPU
		{910A2834-94BB-46B9-B644-6187603A93F3}.Release|Any CPU.Build.0 = Release|Any CPU
		{447EF331-3C41-4475-BB69-29C3EBE3419E}.Debug|Any CPU.ActiveCfg = Debug|Any CPU
		{447EF331-3C41-4475-BB69-29C3EBE3419E}.Debug|Any CPU.Build.0 = Debug|Any CPU
		{447EF331-3C41-4475-BB69-29C3EBE3419E}.Release|Any CPU.ActiveCfg = Release|Any CPU
		{447EF331-3C41-4475-BB69-29C3EBE3419E}.Release|Any CPU.Build.0 = Release|Any CPU
		{61DF0979-D786-44F9-8FCD-65BE5FE27047}.Debug|Any CPU.ActiveCfg = Debug|Any CPU
		{61DF0979-D786-44F9-8FCD-65BE5FE27047}.Debug|Any CPU.Build.0 = Debug|Any CPU
		{61DF0979-D786-44F9-8FCD-65BE5FE27047}.Release|Any CPU.ActiveCfg = Release|Any CPU
		{61DF0979-D786-44F9-8FCD-65BE5FE27047}.Release|Any CPU.Build.0 = Release|Any CPU
		{3094ACCC-E7C1-4959-BFEC-4BACFC54A0A6}.Debug|Any CPU.ActiveCfg = Debug|Any CPU
		{3094ACCC-E7C1-4959-BFEC-4BACFC54A0A6}.Debug|Any CPU.Build.0 = Debug|Any CPU
		{3094ACCC-E7C1-4959-BFEC-4BACFC54A0A6}.Release|Any CPU.ActiveCfg = Release|Any CPU
		{3094ACCC-E7C1-4959-BFEC-4BACFC54A0A6}.Release|Any CPU.Build.0 = Release|Any CPU
		{DFBE3410-A10E-4C6C-83A5-D87BDB4CE135}.Debug|Any CPU.ActiveCfg = Debug|Any CPU
		{DFBE3410-A10E-4C6C-83A5-D87BDB4CE135}.Debug|Any CPU.Build.0 = Debug|Any CPU
		{DFBE3410-A10E-4C6C-83A5-D87BDB4CE135}.Release|Any CPU.ActiveCfg = Release|Any CPU
		{DFBE3410-A10E-4C6C-83A5-D87BDB4CE135}.Release|Any CPU.Build.0 = Release|Any CPU
		{293D4FE6-E7A7-4C33-8B80-1685BEE6F682}.Debug|Any CPU.ActiveCfg = Debug|Any CPU
		{293D4FE6-E7A7-4C33-8B80-1685BEE6F682}.Debug|Any CPU.Build.0 = Debug|Any CPU
		{293D4FE6-E7A7-4C33-8B80-1685BEE6F682}.Release|Any CPU.ActiveCfg = Release|Any CPU
		{293D4FE6-E7A7-4C33-8B80-1685BEE6F682}.Release|Any CPU.Build.0 = Release|Any CPU
		{E8B719D3-17FA-4FD5-895F-63837637CB5C}.Debug|Any CPU.ActiveCfg = Debug|Any CPU
		{E8B719D3-17FA-4FD5-895F-63837637CB5C}.Debug|Any CPU.Build.0 = Debug|Any CPU
		{E8B719D3-17FA-4FD5-895F-63837637CB5C}.Release|Any CPU.ActiveCfg = Release|Any CPU
		{E8B719D3-17FA-4FD5-895F-63837637CB5C}.Release|Any CPU.Build.0 = Release|Any CPU
		{88A1C753-70E7-4B9A-9EDD-429B8FCA1B89}.Debug|Any CPU.ActiveCfg = Debug|Any CPU
		{88A1C753-70E7-4B9A-9EDD-429B8FCA1B89}.Debug|Any CPU.Build.0 = Debug|Any CPU
		{88A1C753-70E7-4B9A-9EDD-429B8FCA1B89}.Release|Any CPU.ActiveCfg = Release|Any CPU
		{88A1C753-70E7-4B9A-9EDD-429B8FCA1B89}.Release|Any CPU.Build.0 = Release|Any CPU
		{52DC37BE-E4B3-42E1-A0F2-946D41185354}.Debug|Any CPU.ActiveCfg = Debug|Any CPU
		{52DC37BE-E4B3-42E1-A0F2-946D41185354}.Debug|Any CPU.Build.0 = Debug|Any CPU
		{52DC37BE-E4B3-42E1-A0F2-946D41185354}.Release|Any CPU.ActiveCfg = Release|Any CPU
		{52DC37BE-E4B3-42E1-A0F2-946D41185354}.Release|Any CPU.Build.0 = Release|Any CPU
		{34380964-9930-47C8-998D-A712DA9B51AB}.Debug|Any CPU.ActiveCfg = Debug|Any CPU
		{34380964-9930-47C8-998D-A712DA9B51AB}.Debug|Any CPU.Build.0 = Debug|Any CPU
		{34380964-9930-47C8-998D-A712DA9B51AB}.Release|Any CPU.ActiveCfg = Release|Any CPU
		{34380964-9930-47C8-998D-A712DA9B51AB}.Release|Any CPU.Build.0 = Release|Any CPU
		{9B154FA2-357F-4434-99B3-01554573360A}.Debug|Any CPU.ActiveCfg = Debug|Any CPU
		{9B154FA2-357F-4434-99B3-01554573360A}.Debug|Any CPU.Build.0 = Debug|Any CPU
		{9B154FA2-357F-4434-99B3-01554573360A}.Release|Any CPU.ActiveCfg = Release|Any CPU
		{9B154FA2-357F-4434-99B3-01554573360A}.Release|Any CPU.Build.0 = Release|Any CPU
		{F4A6906A-1FBF-4A05-879F-977FB0C361A5}.Debug|Any CPU.ActiveCfg = Debug|Any CPU
		{F4A6906A-1FBF-4A05-879F-977FB0C361A5}.Debug|Any CPU.Build.0 = Debug|Any CPU
		{F4A6906A-1FBF-4A05-879F-977FB0C361A5}.Release|Any CPU.ActiveCfg = Release|Any CPU
		{F4A6906A-1FBF-4A05-879F-977FB0C361A5}.Release|Any CPU.Build.0 = Release|Any CPU
		{AA6A63C7-CE34-437A-9191-69085FB5004C}.Debug|Any CPU.ActiveCfg = Debug|Any CPU
		{AA6A63C7-CE34-437A-9191-69085FB5004C}.Debug|Any CPU.Build.0 = Debug|Any CPU
		{AA6A63C7-CE34-437A-9191-69085FB5004C}.Release|Any CPU.ActiveCfg = Release|Any CPU
		{AA6A63C7-CE34-437A-9191-69085FB5004C}.Release|Any CPU.Build.0 = Release|Any CPU
		{0F748FC0-BFD6-4FD1-BD21-51C1457968A9}.Debug|Any CPU.ActiveCfg = Debug|Any CPU
		{0F748FC0-BFD6-4FD1-BD21-51C1457968A9}.Debug|Any CPU.Build.0 = Debug|Any CPU
		{0F748FC0-BFD6-4FD1-BD21-51C1457968A9}.Release|Any CPU.ActiveCfg = Release|Any CPU
		{0F748FC0-BFD6-4FD1-BD21-51C1457968A9}.Release|Any CPU.Build.0 = Release|Any CPU
		{C2508FCB-BBF2-4297-A3F5-4FB388507031}.Debug|Any CPU.ActiveCfg = Debug|Any CPU
		{C2508FCB-BBF2-4297-A3F5-4FB388507031}.Debug|Any CPU.Build.0 = Debug|Any CPU
		{C2508FCB-BBF2-4297-A3F5-4FB388507031}.Release|Any CPU.ActiveCfg = Release|Any CPU
		{C2508FCB-BBF2-4297-A3F5-4FB388507031}.Release|Any CPU.Build.0 = Release|Any CPU
		{0A311719-DB49-4D63-80E8-2F740FD4D8F8}.Debug|Any CPU.ActiveCfg = Debug|Any CPU
		{0A311719-DB49-4D63-80E8-2F740FD4D8F8}.Debug|Any CPU.Build.0 = Debug|Any CPU
		{0A311719-DB49-4D63-80E8-2F740FD4D8F8}.Release|Any CPU.ActiveCfg = Release|Any CPU
		{0A311719-DB49-4D63-80E8-2F740FD4D8F8}.Release|Any CPU.Build.0 = Release|Any CPU
		{A8DB5F00-3878-4E2E-8DB9-4D76B0C8796A}.Debug|Any CPU.ActiveCfg = Debug|Any CPU
		{A8DB5F00-3878-4E2E-8DB9-4D76B0C8796A}.Debug|Any CPU.Build.0 = Debug|Any CPU
		{A8DB5F00-3878-4E2E-8DB9-4D76B0C8796A}.Release|Any CPU.ActiveCfg = Release|Any CPU
		{A8DB5F00-3878-4E2E-8DB9-4D76B0C8796A}.Release|Any CPU.Build.0 = Release|Any CPU
		{032D5DDC-0C34-4A74-A021-8A8EFBCD5381}.Debug|Any CPU.ActiveCfg = Debug|Any CPU
		{032D5DDC-0C34-4A74-A021-8A8EFBCD5381}.Debug|Any CPU.Build.0 = Debug|Any CPU
		{032D5DDC-0C34-4A74-A021-8A8EFBCD5381}.Release|Any CPU.ActiveCfg = Release|Any CPU
		{032D5DDC-0C34-4A74-A021-8A8EFBCD5381}.Release|Any CPU.Build.0 = Release|Any CPU
		{FDD5C89A-F7EF-4D88-B711-9C9A80E0B83E}.Debug|Any CPU.ActiveCfg = Debug|Any CPU
		{FDD5C89A-F7EF-4D88-B711-9C9A80E0B83E}.Debug|Any CPU.Build.0 = Debug|Any CPU
		{FDD5C89A-F7EF-4D88-B711-9C9A80E0B83E}.Release|Any CPU.ActiveCfg = Release|Any CPU
		{FDD5C89A-F7EF-4D88-B711-9C9A80E0B83E}.Release|Any CPU.Build.0 = Release|Any CPU
		{C351692E-864D-4FC2-A1E1-3E0D41383A78}.Debug|Any CPU.ActiveCfg = Debug|Any CPU
		{C351692E-864D-4FC2-A1E1-3E0D41383A78}.Debug|Any CPU.Build.0 = Debug|Any CPU
		{C351692E-864D-4FC2-A1E1-3E0D41383A78}.Release|Any CPU.ActiveCfg = Release|Any CPU
		{C351692E-864D-4FC2-A1E1-3E0D41383A78}.Release|Any CPU.Build.0 = Release|Any CPU
		{95476E25-464D-4C84-867C-D542B6ECDF9C}.Debug|Any CPU.ActiveCfg = Debug|Any CPU
		{95476E25-464D-4C84-867C-D542B6ECDF9C}.Debug|Any CPU.Build.0 = Debug|Any CPU
		{95476E25-464D-4C84-867C-D542B6ECDF9C}.Release|Any CPU.ActiveCfg = Release|Any CPU
		{95476E25-464D-4C84-867C-D542B6ECDF9C}.Release|Any CPU.Build.0 = Release|Any CPU
		{9761567D-4CCD-4C7F-B096-E359634CC204}.Debug|Any CPU.ActiveCfg = Debug|Any CPU
		{9761567D-4CCD-4C7F-B096-E359634CC204}.Debug|Any CPU.Build.0 = Debug|Any CPU
		{9761567D-4CCD-4C7F-B096-E359634CC204}.Release|Any CPU.ActiveCfg = Release|Any CPU
		{9761567D-4CCD-4C7F-B096-E359634CC204}.Release|Any CPU.Build.0 = Release|Any CPU
		{92439CBB-8AFA-4E25-9D7B-F2721E011E8D}.Debug|Any CPU.ActiveCfg = Debug|Any CPU
		{92439CBB-8AFA-4E25-9D7B-F2721E011E8D}.Debug|Any CPU.Build.0 = Debug|Any CPU
		{92439CBB-8AFA-4E25-9D7B-F2721E011E8D}.Release|Any CPU.ActiveCfg = Release|Any CPU
		{92439CBB-8AFA-4E25-9D7B-F2721E011E8D}.Release|Any CPU.Build.0 = Release|Any CPU
		{05306750-CAAB-4E80-BE66-AA6CFD8C6093}.Debug|Any CPU.ActiveCfg = Debug|Any CPU
		{05306750-CAAB-4E80-BE66-AA6CFD8C6093}.Debug|Any CPU.Build.0 = Debug|Any CPU
		{05306750-CAAB-4E80-BE66-AA6CFD8C6093}.Release|Any CPU.ActiveCfg = Release|Any CPU
		{05306750-CAAB-4E80-BE66-AA6CFD8C6093}.Release|Any CPU.Build.0 = Release|Any CPU
		{AF674B35-98F5-456A-9C72-D5EC23442C68}.Debug|Any CPU.ActiveCfg = Debug|Any CPU
		{AF674B35-98F5-456A-9C72-D5EC23442C68}.Debug|Any CPU.Build.0 = Debug|Any CPU
		{AF674B35-98F5-456A-9C72-D5EC23442C68}.Release|Any CPU.ActiveCfg = Release|Any CPU
		{AF674B35-98F5-456A-9C72-D5EC23442C68}.Release|Any CPU.Build.0 = Release|Any CPU
		{F462537F-E736-4B22-9263-307AAF4C0AA6}.Debug|Any CPU.ActiveCfg = Debug|Any CPU
		{F462537F-E736-4B22-9263-307AAF4C0AA6}.Debug|Any CPU.Build.0 = Debug|Any CPU
		{F462537F-E736-4B22-9263-307AAF4C0AA6}.Release|Any CPU.ActiveCfg = Release|Any CPU
		{F462537F-E736-4B22-9263-307AAF4C0AA6}.Release|Any CPU.Build.0 = Release|Any CPU
		{7233955A-2D68-4BEB-BE80-3BA765DF6A35}.Debug|Any CPU.ActiveCfg = Debug|Any CPU
		{7233955A-2D68-4BEB-BE80-3BA765DF6A35}.Debug|Any CPU.Build.0 = Debug|Any CPU
		{7233955A-2D68-4BEB-BE80-3BA765DF6A35}.Release|Any CPU.ActiveCfg = Release|Any CPU
		{7233955A-2D68-4BEB-BE80-3BA765DF6A35}.Release|Any CPU.Build.0 = Release|Any CPU
	EndGlobalSection
	GlobalSection(SolutionProperties) = preSolution
		HideSolutionNode = FALSE
	EndGlobalSection
	GlobalSection(NestedProjects) = preSolution
		{6F47A41A-085E-4422-BB73-5A2CBAA07D9F} = {0600A063-03CE-4BE1-AE77-FCB1B496A2A6}
		{E725F0A1-0B03-406F-B84B-0F486C6137FC} = {7D22DC19-78FC-4277-9768-06B5AF60FD14}
		{97D32A49-994C-44C5-A167-51E71D173B6F} = {7D22DC19-78FC-4277-9768-06B5AF60FD14}
		{BDD8E9DB-896C-4340-A7E6-DFE341DE86C2} = {7D22DC19-78FC-4277-9768-06B5AF60FD14}
		{A6911102-A4F8-4000-A997-045F84F73060} = {7D22DC19-78FC-4277-9768-06B5AF60FD14}
		{D3A53813-D320-4EFC-B49C-1DFAB7F3F27C} = {7D22DC19-78FC-4277-9768-06B5AF60FD14}
		{983FACF7-BCF7-48C4-AB40-6BDEED10A868} = {A7D7F4FA-4286-4727-82D6-2C78E17D16E6}
		{722271EB-7870-48AA-8941-76212EEFA82A} = {A7D7F4FA-4286-4727-82D6-2C78E17D16E6}
		{B63A1F4D-4A4E-4362-82F3-4C08B4ABEF20} = {A7D7F4FA-4286-4727-82D6-2C78E17D16E6}
		{02EA681E-C7D8-13C7-8484-4AC65E1B71E8} = {A7D7F4FA-4286-4727-82D6-2C78E17D16E6}
		{C6BF6A84-7964-40E3-BCE3-6759051AC003} = {722271EB-7870-48AA-8941-76212EEFA82A}
		{1585648A-BC9C-4147-A9A6-79CCF5104EEA} = {722271EB-7870-48AA-8941-76212EEFA82A}
		{C005D3C5-CC69-48AD-910D-40FD08C6DE2C} = {722271EB-7870-48AA-8941-76212EEFA82A}
		{B807B187-F700-4417-8858-8CC16B90F739} = {722271EB-7870-48AA-8941-76212EEFA82A}
		{CA87FFEB-07E6-4D3A-A8A5-A95364FE0E92} = {722271EB-7870-48AA-8941-76212EEFA82A}
		{422AD44F-AEDB-4213-8223-29D6983C2CC5} = {B63A1F4D-4A4E-4362-82F3-4C08B4ABEF20}
		{C6D78AF5-C259-4144-840A-8B50A0F092B2} = {B63A1F4D-4A4E-4362-82F3-4C08B4ABEF20}
		{CEC404DB-4B32-40DB-B787-C65FFD04AA86} = {B63A1F4D-4A4E-4362-82F3-4C08B4ABEF20}
		{FF0D2DCB-11F8-4D0E-B802-70FB00216204} = {B63A1F4D-4A4E-4362-82F3-4C08B4ABEF20}
		{BA90FA1A-CB3B-45CA-B16C-84CDF5085514} = {B63A1F4D-4A4E-4362-82F3-4C08B4ABEF20}
		{3F1BEE5E-E586-41F7-B8F8-0A81BE1E3B61} = {983FACF7-BCF7-48C4-AB40-6BDEED10A868}
		{A74CF95D-9C60-47F1-A203-4F2CD5EA2709} = {983FACF7-BCF7-48C4-AB40-6BDEED10A868}
		{8339B16C-4BB0-48BE-9430-7AFD20819529} = {02EA681E-C7D8-13C7-8484-4AC65E1B71E8}
		{FD9702A3-849E-4F46-AB5C-440EB0790D91} = {02EA681E-C7D8-13C7-8484-4AC65E1B71E8}
		{8CA2D329-2FD2-4CAD-A0E3-6FEEE3946848} = {02EA681E-C7D8-13C7-8484-4AC65E1B71E8}
		{78305AD2-1AE6-4948-989F-9731404F019D} = {02EA681E-C7D8-13C7-8484-4AC65E1B71E8}
		{CA56C3B1-9E93-480D-8DDF-8C5B8E456B90} = {02EA681E-C7D8-13C7-8484-4AC65E1B71E8}
		{E3CCC9AB-AD4A-4059-BC4A-1CF0CDDA0DC2} = {A7D7F4FA-4286-4727-82D6-2C78E17D16E6}
		{1132F19F-1344-4517-A18E-81A2EAF82134} = {E3CCC9AB-AD4A-4059-BC4A-1CF0CDDA0DC2}
		{D29A1D75-6E09-4F17-A79A-F8F9FB94AC2E} = {E3CCC9AB-AD4A-4059-BC4A-1CF0CDDA0DC2}
		{57B0C03D-E1D5-46BE-8507-D62264360629} = {E3CCC9AB-AD4A-4059-BC4A-1CF0CDDA0DC2}
		{F41CC281-2634-4253-8037-05F49A5216D0} = {E3CCC9AB-AD4A-4059-BC4A-1CF0CDDA0DC2}
		{807F38C8-EEA4-4844-986A-433F9D1A91F4} = {E3CCC9AB-AD4A-4059-BC4A-1CF0CDDA0DC2}
		{C78142CC-0E51-4BC2-9CAA-AB99CF31506A} = {A7D7F4FA-4286-4727-82D6-2C78E17D16E6}
		{910A2834-94BB-46B9-B644-6187603A93F3} = {C78142CC-0E51-4BC2-9CAA-AB99CF31506A}
		{447EF331-3C41-4475-BB69-29C3EBE3419E} = {C78142CC-0E51-4BC2-9CAA-AB99CF31506A}
		{61DF0979-D786-44F9-8FCD-65BE5FE27047} = {C78142CC-0E51-4BC2-9CAA-AB99CF31506A}
		{3094ACCC-E7C1-4959-BFEC-4BACFC54A0A6} = {0600A063-03CE-4BE1-AE77-FCB1B496A2A6}
		{012B708C-F5EA-49D6-AB7A-ECC2FD0442B5} = {A7D7F4FA-4286-4727-82D6-2C78E17D16E6}
		{DFBE3410-A10E-4C6C-83A5-D87BDB4CE135} = {012B708C-F5EA-49D6-AB7A-ECC2FD0442B5}
		{293D4FE6-E7A7-4C33-8B80-1685BEE6F682} = {012B708C-F5EA-49D6-AB7A-ECC2FD0442B5}
		{E8B719D3-17FA-4FD5-895F-63837637CB5C} = {012B708C-F5EA-49D6-AB7A-ECC2FD0442B5}
		{FD491E00-F188-4FDF-BEA5-E67EC8B31B99} = {A7D7F4FA-4286-4727-82D6-2C78E17D16E6}
		{88A1C753-70E7-4B9A-9EDD-429B8FCA1B89} = {FD491E00-F188-4FDF-BEA5-E67EC8B31B99}
		{52DC37BE-E4B3-42E1-A0F2-946D41185354} = {FD491E00-F188-4FDF-BEA5-E67EC8B31B99}
		{34380964-9930-47C8-998D-A712DA9B51AB} = {FD491E00-F188-4FDF-BEA5-E67EC8B31B99}
		{9B154FA2-357F-4434-99B3-01554573360A} = {FD491E00-F188-4FDF-BEA5-E67EC8B31B99}
		{F4A6906A-1FBF-4A05-879F-977FB0C361A5} = {FD491E00-F188-4FDF-BEA5-E67EC8B31B99}
		{AA6A63C7-CE34-437A-9191-69085FB5004C} = {AAC6F869-7330-4F84-A5A2-00F5CD9FA589}
		{0F748FC0-BFD6-4FD1-BD21-51C1457968A9} = {AAC6F869-7330-4F84-A5A2-00F5CD9FA589}
		{C2508FCB-BBF2-4297-A3F5-4FB388507031} = {14CA63AC-0AD9-4852-AF2B-8394E26B5A92}
		{8DDE41B7-BA1A-4840-8DA1-C44C02D340A4} = {A7D7F4FA-4286-4727-82D6-2C78E17D16E6}
		{0A311719-DB49-4D63-80E8-2F740FD4D8F8} = {8DDE41B7-BA1A-4840-8DA1-C44C02D340A4}
		{A8DB5F00-3878-4E2E-8DB9-4D76B0C8796A} = {9600B649-02AC-4204-9E1C-F8199442D6C7}
		{032D5DDC-0C34-4A74-A021-8A8EFBCD5381} = {982FCFB9-C819-4018-BAE9-236DCE5A38FB}
		{FDD5C89A-F7EF-4D88-B711-9C9A80E0B83E} = {982FCFB9-C819-4018-BAE9-236DCE5A38FB}
		{8C5F44F5-6810-4ACB-9C66-2A8A2D918DA0} = {A7D7F4FA-4286-4727-82D6-2C78E17D16E6}
		{C351692E-864D-4FC2-A1E1-3E0D41383A78} = {14CA63AC-0AD9-4852-AF2B-8394E26B5A92}
		{95476E25-464D-4C84-867C-D542B6ECDF9C} = {8C5F44F5-6810-4ACB-9C66-2A8A2D918DA0}
		{9761567D-4CCD-4C7F-B096-E359634CC204} = {8C5F44F5-6810-4ACB-9C66-2A8A2D918DA0}
		{92439CBB-8AFA-4E25-9D7B-F2721E011E8D} = {8C5F44F5-6810-4ACB-9C66-2A8A2D918DA0}
		{05306750-CAAB-4E80-BE66-AA6CFD8C6093} = {8C5F44F5-6810-4ACB-9C66-2A8A2D918DA0}
		{AF674B35-98F5-456A-9C72-D5EC23442C68} = {8C5F44F5-6810-4ACB-9C66-2A8A2D918DA0}
		{F462537F-E736-4B22-9263-307AAF4C0AA6} = {7D22DC19-78FC-4277-9768-06B5AF60FD14}
		{7233955A-2D68-4BEB-BE80-3BA765DF6A35} = {8C5F44F5-6810-4ACB-9C66-2A8A2D918DA0}
	EndGlobalSection
	GlobalSection(ExtensibilityGlobals) = postSolution
		SolutionGuid = {AB40D0C5-E3EA-4A9B-86C2-38F0BB33FC04}
	EndGlobalSection
EndGlobal
